
Microsoft Visual Studio Solution File, Format Version 12.00
# Visual Studio Version 17
VisualStudioVersion = 17.2.32616.157
MinimumVisualStudioVersion = 10.0.40219.1
Project("{FAE04EC0-301F-11D3-BF4B-00C04F79EFBC}") = "E-ShifSystem", "E-ShifSystem\E-ShifSystem.csproj", "{72A8DB02-6534-48B0-A138-D0F85FB0ED65}"
EndProject
Global
	GlobalSection(SolutionConfigurationPlatforms) = preSolution
		Debug|Any CPU = Debug|Any CPU
		Release|Any CPU = Release|Any CPU
	EndGlobalSection
	GlobalSection(ProjectConfigurationPlatforms) = postSolution
		{72A8DB02-6534-48B0-A138-D0F85FB0ED65}.Debug|Any CPU.ActiveCfg = Debug|Any CPU
		{72A8DB02-6534-48B0-A138-D0F85FB0ED65}.Debug|Any CPU.Build.0 = Debug|Any CPU
		{72A8DB02-6534-48B0-A138-D0F85FB0ED65}.Release|Any CPU.ActiveCfg = Release|Any CPU
		{72A8DB02-6534-48B0-A138-D0F85FB0ED65}.Release|Any CPU.Build.0 = Release|Any CPU
	EndGlobalSection
	GlobalSection(SolutionProperties) = preSolution
		HideSolutionNode = FALSE
	EndGlobalSection
	GlobalSection(ExtensibilityGlobals) = postSolution
		SolutionGuid = {648E7780-DC65-435C-B183-3E2EDB97255B}
	EndGlobalSection
EndGlobal
